lockfileVersion: 5.4

importers:

  examples:
    specifiers:
      awesome-cron: workspace:^0.0.12
      cron-converter: ^1.0.2
      kitty-ui: ^3.0.11
    dependencies:
      awesome-cron: link:../packages/components
      cron-converter: 1.0.2
      kitty-ui: 3.0.12

packages:

  /@kitty-ui/utils/2.0.1:
    resolution: {integrity: sha512-rBSIDEGGLpdImtTehhYKG7QKPlr2rBkV3Ix0ovaSd/lfI2gXBZUOcMLuejmo6KJFeK/AntJSjWoqP65BnZVirg==}
    dev: false

  /cron-converter/1.0.2:
    resolution: {integrity: sha512-umy/YVmlwsPOkLya3ggxraxjVCt2jaNRyRu7Q532qqMZ4VW35UUU9AU4tQwExchsU5i/bYCNKwl5M0sWhQTXjw==}
    dependencies:
      moment-timezone: 0.5.37
      sprintf-js: 1.0.3
    dev: false

  /kitty-ui/3.0.12:
    resolution: {integrity: sha512-oiHkuryjrpKrhEA+cMRqlldc1MrhWNnVZo0Pcu7W+7tQCJwz8qQ5/guxWMKVnNoehxiORJvstSWlCIGHjTqVtw==}
    dependencies:
      '@kitty-ui/utils': 2.0.1
    dev: false

  /moment-timezone/0.5.37:
    resolution: {integrity: sha512-uEDzDNFhfaywRl+vwXxffjjq1q0Vzr+fcQpQ1bU0kbzorfS7zVtZnCnGc8mhWmF39d4g4YriF6kwA75mJKE/Zg==}
    dependencies:
      moment: 2.29.4
    dev: false

  /moment/2.29.4:
    resolution: {integrity: sha512-5LC9SOxjSc2HF6vO2CyuTDNivEdoz2IvyJJGj6X8DJ0eFyfszE0QiEd+iXmBvUP3WHxSjFH/vIsA0EN00cgr8w==}
    dev: false

  /sprintf-js/1.0.3:
    resolution: {integrity: sha512-D9cPgkvLlV3t3IzL0D0YLvGA9Ahk4PcvVwUbN0dSGr1aP0Nrt4AEnTUbuGvquEC0mA64Gqt1fzirlRs5ibXx8g==}
    dev: false
